
Microsoft Visual Studio Solution File, Format Version 12.00
# Visual Studio Version 16
VisualStudioVersion = 16.0.31005.135
MinimumVisualStudioVersion = 10.0.40219.1
Project("{9A19103F-16F7-4668-BE54-9A1E7A4F7556}") = "ApiEctoTec", "ApiEctoTec\ApiEctoTec.csproj", "{E458AF9F-486B-4B0D-8059-4DC2593F1429}"
EndProject
Project("{9A19103F-16F7-4668-BE54-9A1E7A4F7556}") = "EctoTect.Core", "EctoTect.Core\EctoTect.Core.csproj", "{8112C0CF-0F49-46A5-B4AC-E2DC81895CEB}"
EndProject
Project("{9A19103F-16F7-4668-BE54-9A1E7A4F7556}") = "EctoTec.Infrastrucure", "EctoTec.Infrastrucure\EctoTec.Infrastrucure.csproj", "{F57597B1-179A-4DC9-8599-3C3A36A6D882}"
EndProject
Project("{2150E333-8FDC-42A3-9474-1A3956D46DE8}") = "Docs", "Docs", "{3027ABF8-8081-4A02-9FF8-FF04E2304B14}"
	ProjectSection(SolutionItems) = preProject
		..\..\Users\carlo\Documents\SQL Server Management Studio\Tect\SP\ConsultaDireccionesSP.sql = ..\..\Users\carlo\Documents\SQL Server Management Studio\Tect\SP\ConsultaDireccionesSP.sql
		..\..\Users\carlo\Documents\SQL Server Management Studio\Tect\CreacionBaseDatos.sql = ..\..\Users\carlo\Documents\SQL Server Management Studio\Tect\CreacionBaseDatos.sql
		..\..\Users\carlo\Documents\SQL Server Management Studio\Tect\SP\IngresarUsuarioSP.sql = ..\..\Users\carlo\Documents\SQL Server Management Studio\Tect\SP\IngresarUsuarioSP.sql
	EndProjectSection
EndProject
Global
	GlobalSection(SolutionConfigurationPlatforms) = preSolution
		Debug|Any CPU = Debug|Any CPU
		Release|Any CPU = Release|Any CPU
	EndGlobalSection
	GlobalSection(ProjectConfigurationPlatforms) = postSolution
		{E458AF9F-486B-4B0D-8059-4DC2593F1429}.Debug|Any CPU.ActiveCfg = Debug|Any CPU
		{E458AF9F-486B-4B0D-8059-4DC2593F1429}.Debug|Any CPU.Build.0 = Debug|Any CPU
		{E458AF9F-486B-4B0D-8059-4DC2593F1429}.Release|Any CPU.ActiveCfg = Release|Any CPU
		{E458AF9F-486B-4B0D-8059-4DC2593F1429}.Release|Any CPU.Build.0 = Release|Any CPU
		{8112C0CF-0F49-46A5-B4AC-E2DC81895CEB}.Debug|Any CPU.ActiveCfg = Debug|Any CPU
		{8112C0CF-0F49-46A5-B4AC-E2DC81895CEB}.Debug|Any CPU.Build.0 = Debug|Any CPU
		{8112C0CF-0F49-46A5-B4AC-E2DC81895CEB}.Release|Any CPU.ActiveCfg = Release|Any CPU
		{8112C0CF-0F49-46A5-B4AC-E2DC81895CEB}.Release|Any CPU.Build.0 = Release|Any CPU
		{F57597B1-179A-4DC9-8599-3C3A36A6D882}.Debug|Any CPU.ActiveCfg = Debug|Any CPU
		{F57597B1-179A-4DC9-8599-3C3A36A6D882}.Debug|Any CPU.Build.0 = Debug|Any CPU
		{F57597B1-179A-4DC9-8599-3C3A36A6D882}.Release|Any CPU.ActiveCfg = Release|Any CPU
		{F57597B1-179A-4DC9-8599-3C3A36A6D882}.Release|Any CPU.Build.0 = Release|Any CPU
	EndGlobalSection
	GlobalSection(SolutionProperties) = preSolution
		HideSolutionNode = FALSE
	EndGlobalSection
	GlobalSection(ExtensibilityGlobals) = postSolution
		SolutionGuid = {9C6539A5-8574-4D29-AA93-DCD0B9EB4767}
	EndGlobalSection
EndGlobal
